
Microsoft Visual Studio Solution File, Format Version 12.00
# Visual Studio Version 16
VisualStudioVersion = 16.0.31321.278
MinimumVisualStudioVersion = 10.0.40219.1
Project("{FAE04EC0-301F-11D3-BF4B-00C04F79EFBC}") = "AvaloniaApplication5", "AvaloniaApplication5\AvaloniaApplication5.csproj", "{8C14F120-003A-4B45-A31E-69EA80077D8D}"
EndProject
Global
	GlobalSection(SolutionConfigurationPlatforms) = preSolution
		Debug|Any CPU = Debug|Any CPU
		Release|Any CPU = Release|Any CPU
	EndGlobalSection
	GlobalSection(ProjectConfigurationPlatforms) = postSolution
		{8C14F120-003A-4B45-A31E-69EA80077D8D}.Debug|Any CPU.ActiveCfg = Debug|Any CPU
		{8C14F120-003A-4B45-A31E-69EA80077D8D}.Debug|Any CPU.Build.0 = Debug|Any CPU
		{8C14F120-003A-4B45-A31E-69EA80077D8D}.Release|Any CPU.ActiveCfg = Release|Any CPU
		{8C14F120-003A-4B45-A31E-69EA80077D8D}.Release|Any CPU.Build.0 = Release|Any CPU
	EndGlobalSection
	GlobalSection(SolutionProperties) = preSolution
		HideSolutionNode = FALSE
	EndGlobalSection
	GlobalSection(ExtensibilityGlobals) = postSolution
		SolutionGuid = {B21951C2-1A83-4BD5-86DE-DEFD9CAC2CDC}
	EndGlobalSection
EndGlobal
